
Microsoft Visual Studio Solution File, Format Version 12.00
# Visual Studio Version 17
VisualStudioVersion = 17.9.34728.123
MinimumVisualStudioVersion = 10.0.40219.1
Project("{FAE04EC0-301F-11D3-BF4B-00C04F79EFBC}") = "Skandia", "Skandia\Skandia.csproj", "{1F314BBA-3355-466D-B18E-0220779C8F49}"
EndProject
Project("{FAE04EC0-301F-11D3-BF4B-00C04F79EFBC}") = "Entities", "Entities\Entities.csproj", "{8C27D85C-8E0C-4EB3-8B88-1FC794BE58C3}"
EndProject
Project("{FAE04EC0-301F-11D3-BF4B-00C04F79EFBC}") = "Logic", "Logic\Logic.csproj", "{0ED1403A-9F35-43A7-AB28-30B86F6FFA4D}"
EndProject
Project("{FAE04EC0-301F-11D3-BF4B-00C04F79EFBC}") = "DataTransferObjects", "DataTransferObjects\DataTransferObjects.csproj", "{8D4E3FF2-B18D-47B4-A3CA-4A7F7E4F8C6D}"
EndProject
Project("{FAE04EC0-301F-11D3-BF4B-00C04F79EFBC}") = "Repository", "Repository\Repository.csproj", "{8609DF0E-157A-4C58-A67B-EC938B7DA9D1}"
EndProject
Global
	GlobalSection(SolutionConfigurationPlatforms) = preSolution
		Debug|Any CPU = Debug|Any CPU
		Release|Any CPU = Release|Any CPU
	EndGlobalSection
	GlobalSection(ProjectConfigurationPlatforms) = postSolution
		{1F314BBA-3355-466D-B18E-0220779C8F49}.Debug|Any CPU.ActiveCfg = Debug|Any CPU
		{1F314BBA-3355-466D-B18E-0220779C8F49}.Debug|Any CPU.Build.0 = Debug|Any CPU
		{1F314BBA-3355-466D-B18E-0220779C8F49}.Release|Any CPU.ActiveCfg = Release|Any CPU
		{1F314BBA-3355-466D-B18E-0220779C8F49}.Release|Any CPU.Build.0 = Release|Any CPU
		{8C27D85C-8E0C-4EB3-8B88-1FC794BE58C3}.Debug|Any CPU.ActiveCfg = Debug|Any CPU
		{8C27D85C-8E0C-4EB3-8B88-1FC794BE58C3}.Debug|Any CPU.Build.0 = Debug|Any CPU
		{8C27D85C-8E0C-4EB3-8B88-1FC794BE58C3}.Release|Any CPU.ActiveCfg = Release|Any CPU
		{8C27D85C-8E0C-4EB3-8B88-1FC794BE58C3}.Release|Any CPU.Build.0 = Release|Any CPU
		{0ED1403A-9F35-43A7-AB28-30B86F6FFA4D}.Debug|Any CPU.ActiveCfg = Debug|Any CPU
		{0ED1403A-9F35-43A7-AB28-30B86F6FFA4D}.Debug|Any CPU.Build.0 = Debug|Any CPU
		{0ED1403A-9F35-43A7-AB28-30B86F6FFA4D}.Release|Any CPU.ActiveCfg = Release|Any CPU
		{0ED1403A-9F35-43A7-AB28-30B86F6FFA4D}.Release|Any CPU.Build.0 = Release|Any CPU
		{8D4E3FF2-B18D-47B4-A3CA-4A7F7E4F8C6D}.Debug|Any CPU.ActiveCfg = Debug|Any CPU
		{8D4E3FF2-B18D-47B4-A3CA-4A7F7E4F8C6D}.Debug|Any CPU.Build.0 = Debug|Any CPU
		{8D4E3FF2-B18D-47B4-A3CA-4A7F7E4F8C6D}.Release|Any CPU.ActiveCfg = Release|Any CPU
		{8D4E3FF2-B18D-47B4-A3CA-4A7F7E4F8C6D}.Release|Any CPU.Build.0 = Release|Any CPU
		{8609DF0E-157A-4C58-A67B-EC938B7DA9D1}.Debug|Any CPU.ActiveCfg = Debug|Any CPU
		{8609DF0E-157A-4C58-A67B-EC938B7DA9D1}.Debug|Any CPU.Build.0 = Debug|Any CPU
		{8609DF0E-157A-4C58-A67B-EC938B7DA9D1}.Release|Any CPU.ActiveCfg = Release|Any CPU
		{8609DF0E-157A-4C58-A67B-EC938B7DA9D1}.Release|Any CPU.Build.0 = Release|Any CPU
	EndGlobalSection
	GlobalSection(SolutionProperties) = preSolution
		HideSolutionNode = FALSE
	EndGlobalSection
	GlobalSection(ExtensibilityGlobals) = postSolution
		SolutionGuid = {D1EC3F5E-419F-4845-ADDA-2A6AFF48CAFD}
	EndGlobalSection
EndGlobal
